
Microsoft Visual Studio Solution File, Format Version 12.00
Project("{FAE04EC0-301F-11D3-BF4B-00C04F79EFBC}") = "Lab4FoodDelivery", "Lab4FoodDelivery.csproj", "{21E8DD7E-4965-4125-A180-87DB45843FC0}"
EndProject
Global
	GlobalSection(SolutionConfigurationPlatforms) = preSolution
		Debug|Any CPU = Debug|Any CPU
		Release|Any CPU = Release|Any CPU
	EndGlobalSection
	GlobalSection(ProjectConfigurationPlatforms) = postSolution
		{21E8DD7E-4965-4125-A180-87DB45843FC0}.Debug|Any CPU.ActiveCfg = Debug|Any CPU
		{21E8DD7E-4965-4125-A180-87DB45843FC0}.Debug|Any CPU.Build.0 = Debug|Any CPU
		{21E8DD7E-4965-4125-A180-87DB45843FC0}.Release|Any CPU.ActiveCfg = Release|Any CPU
		{21E8DD7E-4965-4125-A180-87DB45843FC0}.Release|Any CPU.Build.0 = Release|Any CPU
	EndGlobalSection
EndGlobal
